PODS:
  - react-native-social-kit (0.0.7):
    - react-native-social-kit/QQ (= 0.0.7)
    - react-native-social-kit/Weibo (= 0.0.7)
    - react-native-social-kit/Weixin (= 0.0.7)
  - react-native-social-kit/QQ (0.0.7)
  - react-native-social-kit/Weibo (0.0.7)
  - react-native-social-kit/Weixin (0.0.7)
  - React/Core (0.29.0)
  - React/RCTActionSheet (0.29.0):
    - React/Core
  - React/RCTGeolocation (0.29.0):
    - React/Core
  - React/RCTImage (0.29.0):
    - React/Core
    - React/RCTNetwork
  - React/RCTNetwork (0.29.0):
    - React/Core
  - React/RCTSettings (0.29.0):
    - React/Core
  - React/RCTText (0.29.0):
    - React/Core
  - React/RCTVibration (0.29.0):
    - React/Core
  - React/RCTWebSocket (0.29.0):
    - React/Core

DEPENDENCIES:
  - react-native-social-kit (from `../node_modules/react-native-social-kit`)
  - React/Core (from `../node_modules/react-native`)
  - React/RCTActionSheet (from `../node_modules/react-native`)
  - React/RCTGeolocation (from `../node_modules/react-native`)
  - React/RCTImage (from `../node_modules/react-native`)
  - React/RCTNetwork (from `../node_modules/react-native`)
  - React/RCTSettings (from `../node_modules/react-native`)
  - React/RCTText (from `../node_modules/react-native`)
  - React/RCTVibration (from `../node_modules/react-native`)
  - React/RCTWebSocket (from `../node_modules/react-native`)

EXTERNAL SOURCES:
  React:
    :path: "../node_modules/react-native"
  react-native-social-kit:
    :path: "../node_modules/react-native-social-kit"

SPEC CHECKSUMS:
  React: 2295aaed0bcaa7a0dd847504e0caa0d3b3f23305
  react-native-social-kit: 63e4f8ff23bc57e8bb1597b58d3ac2bdfec899ee

PODFILE CHECKSUM: 54862a41fc5cd493923b78c36f68343772fe7eba

COCOAPODS: 1.0.1
